
Microsoft Visual Studio Solution File, Format Version 12.00
# Visual Studio 14
VisualStudioVersion = 14.0.24720.0
MinimumVisualStudioVersion = 10.0.40219.1
Project("{FAE04EC0-301F-11D3-BF4B-00C04F79EFBC}") = "Musak.Midi.Tests", "..\Musak.Midi.Tests\Musak.Midi.Tests.csproj", "{5E19877D-6CE9-47A1-9155-37A91D9A305C}"
EndProject
Project("{FAE04EC0-301F-11D3-BF4B-00C04F79EFBC}") = "Music.Midi.Data", "Music.Midi.Data\Music.Midi.Data.csproj", "{4AF37211-5E1B-4F74-AC87-B81B7EDEF188}"
EndProject
Project("{FAE04EC0-301F-11D3-BF4B-00C04F79EFBC}") = "Musak.Midi", "Musak.Midi\Musak.Midi.csproj", "{87646E58-8C0E-4157-AAD2-1948B85AAA3C}"
EndProject
Project("{FAE04EC0-301F-11D3-BF4B-00C04F79EFBC}") = "Sanford.Multimedia.Midi", "Sanford.Multimedia.Midi\Sanford.Multimedia.Midi.csproj", "{4269C72A-8D3A-4737-8F89-72EAA33EA9E1}"
EndProject
Global
	GlobalSection(SolutionConfigurationPlatforms) = preSolution
		Debug|Any CPU = Debug|Any CPU
		Release|Any CPU = Release|Any CPU
	EndGlobalSection
	GlobalSection(ProjectConfigurationPlatforms) = postSolution
		{5E19877D-6CE9-47A1-9155-37A91D9A305C}.Debug|Any CPU.ActiveCfg = Debug|Any CPU
		{5E19877D-6CE9-47A1-9155-37A91D9A305C}.Debug|Any CPU.Build.0 = Debug|Any CPU
		{5E19877D-6CE9-47A1-9155-37A91D9A305C}.Release|Any CPU.ActiveCfg = Release|Any CPU
		{5E19877D-6CE9-47A1-9155-37A91D9A305C}.Release|Any CPU.Build.0 = Release|Any CPU
		{4AF37211-5E1B-4F74-AC87-B81B7EDEF188}.Debug|Any CPU.ActiveCfg = Debug|Any CPU
		{4AF37211-5E1B-4F74-AC87-B81B7EDEF188}.Debug|Any CPU.Build.0 = Debug|Any CPU
		{4AF37211-5E1B-4F74-AC87-B81B7EDEF188}.Release|Any CPU.ActiveCfg = Release|Any CPU
		{4AF37211-5E1B-4F74-AC87-B81B7EDEF188}.Release|Any CPU.Build.0 = Release|Any CPU
		{87646E58-8C0E-4157-AAD2-1948B85AAA3C}.Debug|Any CPU.ActiveCfg = Debug|Any CPU
		{87646E58-8C0E-4157-AAD2-1948B85AAA3C}.Debug|Any CPU.Build.0 = Debug|Any CPU
		{87646E58-8C0E-4157-AAD2-1948B85AAA3C}.Release|Any CPU.ActiveCfg = Release|Any CPU
		{87646E58-8C0E-4157-AAD2-1948B85AAA3C}.Release|Any CPU.Build.0 = Release|Any CPU
		{4269C72A-8D3A-4737-8F89-72EAA33EA9E1}.Debug|Any CPU.ActiveCfg = Debug|Any CPU
		{4269C72A-8D3A-4737-8F89-72EAA33EA9E1}.Debug|Any CPU.Build.0 = Debug|Any CPU
		{4269C72A-8D3A-4737-8F89-72EAA33EA9E1}.Release|Any CPU.ActiveCfg = Release|Any CPU
		{4269C72A-8D3A-4737-8F89-72EAA33EA9E1}.Release|Any CPU.Build.0 = Release|Any CPU
	EndGlobalSection
	GlobalSection(SolutionProperties) = preSolution
		HideSolutionNode = FALSE
	EndGlobalSection
EndGlobal
